
Microsoft Visual Studio Solution File, Format Version 12.00
# Visual Studio Version 16
VisualStudioVersion = 16.0.30717.126
MinimumVisualStudioVersion = 10.0.40219.1
Project("{FAE04EC0-301F-11D3-BF4B-00C04F79EFBC}") = "DisplayName", "DisplayName\DisplayName.csproj", "{52288732-F094-43E5-B921-9FFD20FAC2AF}"
EndProject
Global
	GlobalSection(SolutionConfigurationPlatforms) = preSolution
		Debug|Any CPU = Debug|Any CPU
		Release|Any CPU = Release|Any CPU
	EndGlobalSection
	GlobalSection(ProjectConfigurationPlatforms) = postSolution
		{52288732-F094-43E5-B921-9FFD20FAC2AF}.Debug|Any CPU.ActiveCfg = Debug|Any CPU
		{52288732-F094-43E5-B921-9FFD20FAC2AF}.Debug|Any CPU.Build.0 = Debug|Any CPU
		{52288732-F094-43E5-B921-9FFD20FAC2AF}.Release|Any CPU.ActiveCfg = Release|Any CPU
		{52288732-F094-43E5-B921-9FFD20FAC2AF}.Release|Any CPU.Build.0 = Release|Any CPU
	EndGlobalSection
	GlobalSection(SolutionProperties) = preSolution
		HideSolutionNode = FALSE
	EndGlobalSection
	GlobalSection(ExtensibilityGlobals) = postSolution
		SolutionGuid = {CF526659-8E8F-408A-8382-36704F6147E6}
	EndGlobalSection
EndGlobal
